
Microsoft Visual Studio Solution File, Format Version 12.00
# Visual Studio Version 17
VisualStudioVersion = 17.8.34322.80
MinimumVisualStudioVersion = 10.0.40219.1
Project("{FAE04EC0-301F-11D3-BF4B-00C04F79EFBC}") = "CrystalReportWebforms", "CrystalReportWebforms\CrystalReportWebforms.csproj", "{DF6AD657-791A-44C0-ACEE-70E04FD26DA0}"
EndProject
Global
	GlobalSection(SolutionConfigurationPlatforms) = preSolution
		Debug|Any CPU = Debug|Any CPU
		Release|Any CPU = Release|Any CPU
	EndGlobalSection
	GlobalSection(ProjectConfigurationPlatforms) = postSolution
		{DF6AD657-791A-44C0-ACEE-70E04FD26DA0}.Debug|Any CPU.ActiveCfg = Debug|Any CPU
		{DF6AD657-791A-44C0-ACEE-70E04FD26DA0}.Debug|Any CPU.Build.0 = Debug|Any CPU
		{DF6AD657-791A-44C0-ACEE-70E04FD26DA0}.Release|Any CPU.ActiveCfg = Release|Any CPU
		{DF6AD657-791A-44C0-ACEE-70E04FD26DA0}.Release|Any CPU.Build.0 = Release|Any CPU
	EndGlobalSection
	GlobalSection(SolutionProperties) = preSolution
		HideSolutionNode = FALSE
	EndGlobalSection
	GlobalSection(ExtensibilityGlobals) = postSolution
		SolutionGuid = {F32D935D-9E24-4B7C-9563-DACFBE2E77FD}
	EndGlobalSection
EndGlobal
